
Microsoft Visual Studio Solution File, Format Version 12.00
# Visual Studio Version 16
VisualStudioVersion = 16.0.31515.178
MinimumVisualStudioVersion = 10.0.40219.1
Project("{FAE04EC0-301F-11D3-BF4B-00C04F79EFBC}") = "ConsoleApp", "ConsoleApp\ConsoleApp.csproj", "{12D0557A-3985-4650-B942-1074A7B83DAB}"
EndProject
Global
	GlobalSection(SolutionConfigurationPlatforms) = preSolution
		Debug|Any CPU = Debug|Any CPU
		Release|Any CPU = Release|Any CPU
	EndGlobalSection
	GlobalSection(ProjectConfigurationPlatforms) = postSolution
		{12D0557A-3985-4650-B942-1074A7B83DAB}.Debug|Any CPU.ActiveCfg = Debug|Any CPU
		{12D0557A-3985-4650-B942-1074A7B83DAB}.Debug|Any CPU.Build.0 = Debug|Any CPU
		{12D0557A-3985-4650-B942-1074A7B83DAB}.Release|Any CPU.ActiveCfg = Release|Any CPU
		{12D0557A-3985-4650-B942-1074A7B83DAB}.Release|Any CPU.Build.0 = Release|Any CPU
	EndGlobalSection
	GlobalSection(SolutionProperties) = preSolution
		HideSolutionNode = FALSE
	EndGlobalSection
	GlobalSection(ExtensibilityGlobals) = postSolution
		SolutionGuid = {90DF3ED2-EF0A-45FF-A519-ED5CB7CD4C0F}
	EndGlobalSection
EndGlobal
